
Microsoft Visual Studio Solution File, Format Version 12.00
# Visual Studio Version 16
VisualStudioVersion = 16.0.33328.57
MinimumVisualStudioVersion = 10.0.40219.1
Project("{FAE04EC0-301F-11D3-BF4B-00C04F79EFBC}") = "CLOTHES-WEBSITE", "CLOTHES-WEBSITE.csproj", "{CA9015C1-D5C0-47DA-A85B-EB596691E1B6}"
EndProject
Global
	GlobalSection(SolutionConfigurationPlatforms) = preSolution
		Debug|Any CPU = Debug|Any CPU
		Release|Any CPU = Release|Any CPU
	EndGlobalSection
	GlobalSection(ProjectConfigurationPlatforms) = postSolution
		{CA9015C1-D5C0-47DA-A85B-EB596691E1B6}.Debug|Any CPU.ActiveCfg = Debug|Any CPU
		{CA9015C1-D5C0-47DA-A85B-EB596691E1B6}.Debug|Any CPU.Build.0 = Debug|Any CPU
		{CA9015C1-D5C0-47DA-A85B-EB596691E1B6}.Release|Any CPU.ActiveCfg = Release|Any CPU
		{CA9015C1-D5C0-47DA-A85B-EB596691E1B6}.Release|Any CPU.Build.0 = Release|Any CPU
	EndGlobalSection
	GlobalSection(SolutionProperties) = preSolution
		HideSolutionNode = FALSE
	EndGlobalSection
	GlobalSection(ExtensibilityGlobals) = postSolution
		SolutionGuid = {1E34ECE4-4949-435A-9564-7D7D9D173C71}
	EndGlobalSection
EndGlobal
